<?xml version="1.0" encoding="utf-8"?>
<Project ToolsVersion="4.0" xmlns="http://schemas.microsoft.com/developer/msbuild/2003">
  <ItemGroup>
    <Filter Include="Source Files">
      <UniqueIdentifier>{4FC737F1-C7A5-4376-A066-2A32D752A2FF}</UniqueIdentifier>
      <Extensions>cpp;c;cc;cxx;def;odl;idl;hpj;bat;asm;asmx</Extensions>
    </Filter>
    <Filter Include="Header Files">
      <UniqueIdentifier>{93995380-89BD-4b04-88EB-625FBE52EBFB}</UniqueIdentifier>
      <Extensions>h;hh;hpp;hxx;hm;inl;inc;xsd</Extensions>
    </Filter>
    <Filter Include="Resource Files">
      <UniqueIdentifier>{67DA6AB6-F800-4c08-8B7A-83BB121AAD01}</UniqueIdentifier>
      <Extensions>rc;ico;cur;bmp;dlg;rc2;rct;bin;rgs;gif;jpg;jpeg;jpe;resx;tiff;tif;png;wav;mfcribbon-ms</Extensions>
    </Filter>
  </ItemGroup>
  <ItemGroup>
    <ClCompile Include="clit.c">
      <Filter>Source Files</Filter>
    </ClCompile>
    <ClCompile Include="display.c">
      <Filter>Source Files</Filter>
    </ClCompile>
    <ClCompile Include="drm5.c">
      <Filter>Source Files</Filter>
    </ClCompile>
    <ClCompile Include="explode.c">
      <Filter>Source Files</Filter>
    </ClCompile>
    <ClCompile Include="hexdump.c">
      <Filter>Source Files</Filter>
    </ClCompile>
    <ClCompile Include="manifest.c">
      <Filter>Source Files</Filter>
    </ClCompile>
    <ClCompile Include="transmute.c">
      <Filter>Source Files</Filter>
    </ClCompile>
    <ClCompile Include="utils.c">
      <Filter>Source Files</Filter>
    </ClCompile>
    <ClCompile Include="ext\des\des.c">
      <Filter>Source Files</Filter>
    </ClCompile>
    <ClCompile Include="ext\newlzx\lzxd.c">
      <Filter>Source Files</Filter>
    </ClCompile>
    <ClCompile Include="ext\newlzx\lzxglue.c">
      <Filter>Source Files</Filter>
    </ClCompile>
    <ClCompile Include="ext\sha\mssha1.c">
      <Filter>Source Files</Filter>
    </ClCompile>
    <ClCompile Include="ext\litatom.c">
      <Filter>Source Files</Filter>
    </ClCompile>
    <ClCompile Include="ext\litdirectory.c">
      <Filter>Source Files</Filter>
    </ClCompile>
    <ClCompile Include="ext\litdrm.c">
      <Filter>Source Files</Filter>
    </ClCompile>
    <ClCompile Include="ext\litembiggen.c">
      <Filter>Source Files</Filter>
    </ClCompile>
    <ClCompile Include="ext\litheaders.c">
      <Filter>Source Files</Filter>
    </ClCompile>
    <ClCompile Include="ext\litlib.c">
      <Filter>Source Files</Filter>
    </ClCompile>
    <ClCompile Include="ext\litmanifest.c">
      <Filter>Source Files</Filter>
    </ClCompile>
    <ClCompile Include="ext\litmetatags.c">
      <Filter>Source Files</Filter>
    </ClCompile>
    <ClCompile Include="ext\litsections.c">
      <Filter>Source Files</Filter>
    </ClCompile>
    <ClCompile Include="ext\littags.c">
      <Filter>Source Files</Filter>
    </ClCompile>
    <ClCompile Include="ext\litutil.c">
      <Filter>Source Files</Filter>
    </ClCompile>
  </ItemGroup>
  <ItemGroup>
    <ClInclude Include="clit.h">
      <Filter>Header Files</Filter>
    </ClInclude>
    <ClInclude Include="manifest.h">
      <Filter>Header Files</Filter>
    </ClInclude>
    <ClInclude Include="utils.h">
      <Filter>Header Files</Filter>
    </ClInclude>
    <ClInclude Include="lib\tom\include\tommath.h">
      <Filter>Header Files</Filter>
    </ClInclude>
    <ClInclude Include="lib\tom\include\tommath_class.h">
      <Filter>Header Files</Filter>
    </ClInclude>
    <ClInclude Include="lib\tom\include\tommath_superclass.h">
      <Filter>Header Files</Filter>
    </ClInclude>
    <ClInclude Include="ext\des\d3des.h">
      <Filter>Header Files</Filter>
    </ClInclude>
    <ClInclude Include="ext\des\spr.h">
      <Filter>Header Files</Filter>
    </ClInclude>
    <ClInclude Include="ext\newlzx\lzx.h">
      <Filter>Header Files</Filter>
    </ClInclude>
    <ClInclude Include="ext\newlzx\mspack.h">
      <Filter>Header Files</Filter>
    </ClInclude>
    <ClInclude Include="ext\newlzx\system.h">
      <Filter>Header Files</Filter>
    </ClInclude>
    <ClInclude Include="ext\sha\sha.h">
      <Filter>Header Files</Filter>
    </ClInclude>
    <ClInclude Include="ext\litinternal.h">
      <Filter>Header Files</Filter>
    </ClInclude>
    <ClInclude Include="ext\litlib.h">
      <Filter>Header Files</Filter>
    </ClInclude>
    <ClInclude Include="ext\littags.h">
      <Filter>Header Files</Filter>
    </ClInclude>
    <ClInclude Include="ext\littypes.h">
      <Filter>Header Files</Filter>
    </ClInclude>
    <ClInclude Include="ext\tom\tommath.h">
      <Filter>Header Files</Filter>
    </ClInclude>
    <ClInclude Include="ext\tom\tommath_class.h">
      <Filter>Header Files</Filter>
    </ClInclude>
    <ClInclude Include="ext\tom\tommath_superclass.h">
      <Filter>Header Files</Filter>
    </ClInclude>
    <ClInclude Include="explode.h">
      <Filter>Header Files</Filter>
    </ClInclude>
  </ItemGroup>
  <ItemGroup>
    <None Include="COPYING" />
    <None Include="lib\libtommath.la" />
    <None Include="bin\libtommath-0.dll" />
    <None Include="ext\tom\LICENSE" />
  </ItemGroup>
  <ItemGroup>
    <Library Include="lib\libtommath.a" />
    <Library Include="lib\libtommath.dll.a" />
    <Library Include="lib\libmingw32.a" />
    <Library Include="lib\libgcc.a" />
  </ItemGroup>
</Project>